
Microsoft Visual Studio Solution File, Format Version 11.00
# Visual Studio 2010
Project("{8BC9CEB8-8B4A-11D0-8D11-00A0C91BC942}") = "mdk", "Micro-Development-Kit\mdk_static\mdk.vcxproj", "{CE1CB768-9D0D-A135-6AA9-68105B094ACA}"
EndProject
Project("{8BC9CEB8-8B4A-11D0-8D11-00A0C91BC942}") = "Mother", "Mother\Mother.vcxproj", "{F3AEFBC4-3A9B-44E5-BBCB-62F16F2C6A56}"
	ProjectSection(ProjectDependencies) = postProject
		{CE1CB768-9D0D-A135-6AA9-68105B094ACA} = {CE1CB768-9D0D-A135-6AA9-68105B094ACA}
	EndProjectSection
EndProject
Project("{8BC9CEB8-8B4A-11D0-8D11-00A0C91BC942}") = "Exist", "Exist\Exist.vcxproj", "{44A178A6-97BF-4D72-92C6-4236F7138A6D}"
	ProjectSection(ProjectDependencies) = postProject
		{CE1CB768-9D0D-A135-6AA9-68105B094ACA} = {CE1CB768-9D0D-A135-6AA9-68105B094ACA}
	EndProjectSection
EndProject
Project("{8BC9CEB8-8B4A-11D0-8D11-00A0C91BC942}") = "cpu", "CPU\cpu.vcxproj", "{B2B187C0-A218-4B60-820F-761201E15E4E}"
	ProjectSection(ProjectDependencies) = postProject
		{CE1CB768-9D0D-A135-6AA9-68105B094ACA} = {CE1CB768-9D0D-A135-6AA9-68105B094ACA}
	EndProjectSection
EndProject
Project("{8BC9CEB8-8B4A-11D0-8D11-00A0C91BC942}") = "test", "Client\test.vcxproj", "{FAEEE9E7-3958-4BD0-B7ED-9161CDEA1C91}"
	ProjectSection(ProjectDependencies) = postProject
		{CE1CB768-9D0D-A135-6AA9-68105B094ACA} = {CE1CB768-9D0D-A135-6AA9-68105B094ACA}
		{B2B187C0-A218-4B60-820F-761201E15E4E} = {B2B187C0-A218-4B60-820F-761201E15E4E}
	EndProjectSection
EndProject
Project("{8BC9CEB8-8B4A-11D0-8D11-00A0C91BC942}") = "SolidStateDrive", "SolidStateDrive\SolidStateDrive.vcxproj", "{F7CC03AD-C2A1-4D54-BBEB-1A7BD26A0B25}"
	ProjectSection(ProjectDependencies) = postProject
		{CE1CB768-9D0D-A135-6AA9-68105B094ACA} = {CE1CB768-9D0D-A135-6AA9-68105B094ACA}
	EndProjectSection
EndProject
Global
	GlobalSection(SolutionConfigurationPlatforms) = preSolution
		Debug|Win32 = Debug|Win32
		Release|Win32 = Release|Win32
	EndGlobalSection
	GlobalSection(ProjectConfigurationPlatforms) = postSolution
		{CE1CB768-9D0D-A135-6AA9-68105B094ACA}.Debug|Win32.ActiveCfg = Debug|Win32
		{CE1CB768-9D0D-A135-6AA9-68105B094ACA}.Debug|Win32.Build.0 = Debug|Win32
		{CE1CB768-9D0D-A135-6AA9-68105B094ACA}.Release|Win32.ActiveCfg = Release|Win32
		{CE1CB768-9D0D-A135-6AA9-68105B094ACA}.Release|Win32.Build.0 = Release|Win32
		{F3AEFBC4-3A9B-44E5-BBCB-62F16F2C6A56}.Debug|Win32.ActiveCfg = Debug|Win32
		{F3AEFBC4-3A9B-44E5-BBCB-62F16F2C6A56}.Debug|Win32.Build.0 = Debug|Win32
		{F3AEFBC4-3A9B-44E5-BBCB-62F16F2C6A56}.Release|Win32.ActiveCfg = Release|Win32
		{F3AEFBC4-3A9B-44E5-BBCB-62F16F2C6A56}.Release|Win32.Build.0 = Release|Win32
		{44A178A6-97BF-4D72-92C6-4236F7138A6D}.Debug|Win32.ActiveCfg = Debug|Win32
		{44A178A6-97BF-4D72-92C6-4236F7138A6D}.Debug|Win32.Build.0 = Debug|Win32
		{44A178A6-97BF-4D72-92C6-4236F7138A6D}.Release|Win32.ActiveCfg = Release|Win32
		{44A178A6-97BF-4D72-92C6-4236F7138A6D}.Release|Win32.Build.0 = Release|Win32
		{B2B187C0-A218-4B60-820F-761201E15E4E}.Debug|Win32.ActiveCfg = Debug|Win32
		{B2B187C0-A218-4B60-820F-761201E15E4E}.Debug|Win32.Build.0 = Debug|Win32
		{B2B187C0-A218-4B60-820F-761201E15E4E}.Release|Win32.ActiveCfg = Release|Win32
		{B2B187C0-A218-4B60-820F-761201E15E4E}.Release|Win32.Build.0 = Release|Win32
		{FAEEE9E7-3958-4BD0-B7ED-9161CDEA1C91}.Debug|Win32.ActiveCfg = Debug|Win32
		{FAEEE9E7-3958-4BD0-B7ED-9161CDEA1C91}.Debug|Win32.Build.0 = Debug|Win32
		{FAEEE9E7-3958-4BD0-B7ED-9161CDEA1C91}.Release|Win32.ActiveCfg = Release|Win32
		{FAEEE9E7-3958-4BD0-B7ED-9161CDEA1C91}.Release|Win32.Build.0 = Release|Win32
		{F7CC03AD-C2A1-4D54-BBEB-1A7BD26A0B25}.Debug|Win32.ActiveCfg = Debug|Win32
		{F7CC03AD-C2A1-4D54-BBEB-1A7BD26A0B25}.Debug|Win32.Build.0 = Debug|Win32
		{F7CC03AD-C2A1-4D54-BBEB-1A7BD26A0B25}.Release|Win32.ActiveCfg = Release|Win32
		{F7CC03AD-C2A1-4D54-BBEB-1A7BD26A0B25}.Release|Win32.Build.0 = Release|Win32
	EndGlobalSection
	GlobalSection(SolutionProperties) = preSolution
		HideSolutionNode = FALSE
	EndGlobalSection
EndGlobal
